// !$*UTF8*$!
{
	archiveVersion = 1;
	classes = {
	};
	objectVersion = 50;
	objects = {

/* Begin PBXBuildFile section */
		E8593B0423EB52A500F872A4 /* AppDelegate.swift in Sources */ = {isa = PBXBuildFile; fileRef = E8593B0323EB52A500F872A4 /* AppDelegate.swift */; };
		E8593B0623EB52A500F872A4 /* SceneDelegate.swift in Sources */ = {isa = PBXBuildFile; fileRef = E8593B0523EB52A500F872A4 /* SceneDelegate.swift */; };
		E8593B0823EB52A500F872A4 /* ContentView.swift in Sources */ = {isa = PBXBuildFile; fileRef = E8593B0723EB52A500F872A4 /* ContentView.swift */; };
		E8593B0A23EB52AA00F872A4 /* Assets.xcassets in Resources */ = {isa = PBXBuildFile; fileRef = E8593B0923EB52AA00F872A4 /* Assets.xcassets */; };
		E8593B0D23EB52AA00F872A4 /* Preview Assets.xcassets in Resources */ = {isa = PBXBuildFile; fileRef = E8593B0C23EB52AA00F872A4 /* Preview Assets.xcassets */; };
		E8593B1023EB52AA00F872A4 /* LaunchScreen.storyboard in Resources */ = {isa = PBXBuildFile; fileRef = E8593B0E23EB52AA00F872A4 /* LaunchScreen.storyboard */; };
		E8593B1B23EB52AA00F872A4 /* SampleSwiftUITests.swift in Sources */ = {isa = PBXBuildFile; fileRef = E8593B1A23EB52AA00F872A4 /* SampleSwiftUITests.swift */; };
		E8593B2623EB536500F872A4 /* Helper.swift in Sources */ = {isa = PBXBuildFile; fileRef = E8593B2523EB536400F872A4 /* Helper.swift */; };
		E8593B2823EB537300F872A4 /* Menu.swift in Sources */ = {isa = PBXBuildFile; fileRef = E8593B2723EB537300F872A4 /* Menu.swift */; };
		E8593B2A23EB538A00F872A4 /* menu.json in Resources */ = {isa = PBXBuildFile; fileRef = E8593B2923EB538A00F872A4 /* menu.json */; };
		E8593B2C23EB5CB000F872A4 /* ItemRow.swift in Sources */ = {isa = PBXBuildFile; fileRef = E8593B2B23EB5CB000F872A4 /* ItemRow.swift */; };
		E8593B2E23EB65C000F872A4 /* ItemDetail.swift in Sources */ = {isa = PBXBuildFile; fileRef = E8593B2D23EB65C000F872A4 /* ItemDetail.swift */; };
		E8593B3023EB6CD700F872A4 /* Order.swift in Sources */ = {isa = PBXBuildFile; fileRef = E8593B2F23EB6CD600F872A4 /* Order.swift */; };
/* End PBXBuildFile section */

/* Begin PBXContainerItemProxy section */
		E8593B1723EB52AA00F872A4 /* PBXContainerItemProxy */ = {
			isa = PBXContainerItemProxy;
			containerPortal = E8593AF823EB52A500F872A4 /* Project object */;
			proxyType = 1;
			remoteGlobalIDString = E8593AFF23EB52A500F872A4;
			remoteInfo = SampleSwiftUI;
		};
/* End PBXContainerItemProxy section */

/* Begin PBXFileReference section */
		E8593B0023EB52A500F872A4 /* SampleSwiftUI.app */ = {isa = PBXFileReference; explicitFileType = wrapper.application; includeInIndex = 0; path = SampleSwiftUI.app; sourceTree = BUILT_PRODUCTS_DIR; };
		E8593B0323EB52A500F872A4 /* AppDelegate.swift */ = {isa = PBXFileReference; lastKnownFileType = sourcecode.swift; path = AppDelegate.swift; sourceTree = "<group>"; };
		E8593B0523EB52A500F872A4 /* SceneDelegate.swift */ = {isa = PBXFileReference; lastKnownFileType = sourcecode.swift; path = SceneDelegate.swift; sourceTree = "<group>"; };
		E8593B0723EB52A500F872A4 /* ContentView.swift */ = {isa = PBXFileReference; lastKnownFileType = sourcecode.swift; path = ContentView.swift; sourceTree = "<group>"; };
		E8593B0923EB52AA00F872A4 /* Assets.xcassets */ = {isa = PBXFileReference; lastKnownFileType = folder.assetcatalog; path = Assets.xcassets; sourceTree = "<group>"; };
		E8593B0C23EB52AA00F872A4 /* Preview Assets.xcassets */ = {isa = PBXFileReference; lastKnownFileType = folder.assetcatalog; path = "Preview Assets.xcassets"; sourceTree = "<group>"; };
		E8593B0F23EB52AA00F872A4 /* Base */ = {isa = PBXFileReference; lastKnownFileType = file.storyboard; name = Base; path = Base.lproj/LaunchScreen.storyboard; sourceTree = "<group>"; };
		E8593B1123EB52AA00F872A4 /* Info.plist */ = {isa = PBXFileReference; lastKnownFileType = text.plist.xml; path = Info.plist; sourceTree = "<group>"; };
		E8593B1623EB52AA00F872A4 /* SampleSwiftUITests.xctest */ = {isa = PBXFileReference; explicitFileType = wrapper.cfbundle; includeInIndex = 0; path = SampleSwiftUITests.xctest; sourceTree = BUILT_PRODUCTS_DIR; };
		E8593B1A23EB52AA00F872A4 /* SampleSwiftUITests.swift */ = {isa = PBXFileReference; lastKnownFileType = sourcecode.swift; path = SampleSwiftUITests.swift; sourceTree = "<group>"; };
		E8593B1C23EB52AA00F872A4 /* Info.plist */ = {isa = PBXFileReference; lastKnownFileType = text.plist.xml; path = Info.plist; sourceTree = "<group>"; };
		E8593B2523EB536400F872A4 /* Helper.swift */ = {isa = PBXFileReference; fileEncoding = 4; lastKnownFileType = sourcecode.swift; path = Helper.swift; sourceTree = "<group>"; };
		E8593B2723EB537300F872A4 /* Menu.swift */ = {isa = PBXFileReference; fileEncoding = 4; lastKnownFileType = sourcecode.swift; path = Menu.swift; sourceTree = "<group>"; };
		E8593B2923EB538A00F872A4 /* menu.json */ = {isa = PBXFileReference; fileEncoding = 4; lastKnownFileType = text.json; path = menu.json; sourceTree = "<group>"; };
		E8593B2B23EB5CB000F872A4 /* ItemRow.swift */ = {isa = PBXFileReference; lastKnownFileType = sourcecode.swift; path = ItemRow.swift; sourceTree = "<group>"; };
		E8593B2D23EB65C000F872A4 /* ItemDetail.swift */ = {isa = PBXFileReference; lastKnownFileType = sourcecode.swift; path = ItemDetail.swift; sourceTree = "<group>"; };
		E8593B2F23EB6CD600F872A4 /* Order.swift */ = {isa = PBXFileReference; fileEncoding = 4; lastKnownFileType = sourcecode.swift; path = Order.swift; sourceTree = "<group>"; };
/* End PBXFileReference section */

/* Begin PBXFrameworksBuildPhase section */
		E8593AFD23EB52A500F872A4 /* Frameworks */ = {
			isa = PBXFrameworksBuildPhase;
			buildActionMask = 2147483647;
			files = (
			);
			runOnlyForDeploymentPostprocessing = 0;
		};
		E8593B1323EB52AA00F872A4 /* Frameworks */ = {
			isa = PBXFrameworksBuildPhase;
			buildActionMask = 2147483647;
			files = (
			);
			runOnlyForDeploymentPostprocessing = 0;
		};
/* End PBXFrameworksBuildPhase section */

/* Begin PBXGroup section */
		E8593AF723EB52A500F872A4 = {
			isa = PBXGroup;
			children = (
				E8593B0223EB52A500F872A4 /* SampleSwiftUI */,
				E8593B1923EB52AA00F872A4 /* SampleSwiftUITests */,
				E8593B0123EB52A500F872A4 /* Products */,
			);
			sourceTree = "<group>";
		};
		E8593B0123EB52A500F872A4 /* Products */ = {
			isa = PBXGroup;
			children = (
				E8593B0023EB52A500F872A4 /* SampleSwiftUI.app */,
				E8593B1623EB52AA00F872A4 /* SampleSwiftUITests.xctest */,
			);
			name = Products;
			sourceTree = "<group>";
		};
		E8593B0223EB52A500F872A4 /* SampleSwiftUI */ = {
			isa = PBXGroup;
			children = (
				E8593B0323EB52A500F872A4 /* AppDelegate.swift */,
				E8593B0523EB52A500F872A4 /* SceneDelegate.swift */,
				E8593B0723EB52A500F872A4 /* ContentView.swift */,
				E8593B2F23EB6CD600F872A4 /* Order.swift */,
				E8593B2723EB537300F872A4 /* Menu.swift */,
				E8593B2923EB538A00F872A4 /* menu.json */,
				E8593B2523EB536400F872A4 /* Helper.swift */,
				E8593B0923EB52AA00F872A4 /* Assets.xcassets */,
				E8593B0E23EB52AA00F872A4 /* LaunchScreen.storyboard */,
				E8593B1123EB52AA00F872A4 /* Info.plist */,
				E8593B0B23EB52AA00F872A4 /* Preview Content */,
				E8593B2B23EB5CB000F872A4 /* ItemRow.swift */,
				E8593B2D23EB65C000F872A4 /* ItemDetail.swift */,
			);
			path = SampleSwiftUI;
			sourceTree = "<group>";
		};
		E8593B0B23EB52AA00F872A4 /* Preview Content */ = {
			isa = PBXGroup;
			children = (
				E8593B0C23EB52AA00F872A4 /* Preview Assets.xcassets */,
			);
			path = "Preview Content";
			sourceTree = "<group>";
		};
		E8593B1923EB52AA00F872A4 /* SampleSwiftUITests */ = {
			isa = PBXGroup;
			children = (
				E8593B1A23EB52AA00F872A4 /* SampleSwiftUITests.swift */,
				E8593B1C23EB52AA00F872A4 /* Info.plist */,
			);
			path = SampleSwiftUITests;
			sourceTree = "<group>";
		};
/* End PBXGroup section */

/* Begin PBXNativeTarget section */
		E8593AFF23EB52A500F872A4 /* SampleSwiftUI */ = {
			isa = PBXNativeTarget;
			buildConfigurationList = E8593B1F23EB52AA00F872A4 /* Build configuration list for PBXNativeTarget "SampleSwiftUI" */;
			buildPhases = (
				E8593AFC23EB52A500F872A4 /* Sources */,
				E8593AFD23EB52A500F872A4 /* Frameworks */,
				E8593AFE23EB52A500F872A4 /* Resources */,
			);
			buildRules = (
			);
			dependencies = (
			);
			name = SampleSwiftUI;
			productName = SampleSwiftUI;
			productReference = E8593B0023EB52A500F872A4 /* SampleSwiftUI.app */;
			productType = "com.apple.product-type.application";
		};
		E8593B1523EB52AA00F872A4 /* SampleSwiftUITests */ = {
			isa = PBXNativeTarget;
			buildConfigurationList = E8593B2223EB52AA00F872A4 /* Build configuration list for PBXNativeTarget "SampleSwiftUITests" */;
			buildPhases = (
				E8593B1223EB52AA00F872A4 /* Sources */,
				E8593B1323EB52AA00F872A4 /* Frameworks */,
				E8593B1423EB52AA00F872A4 /* Resources */,
			);
			buildRules = (
			);
			dependencies = (
				E8593B1823EB52AA00F872A4 /* PBXTargetDependency */,
			);
			name = SampleSwiftUITests;
			productName = SampleSwiftUITests;
			productReference = E8593B1623EB52AA00F872A4 /* SampleSwiftUITests.xctest */;
			productType = "com.apple.product-type.bundle.unit-test";
		};
/* End PBXNativeTarget section */

/* Begin PBXProject section */
		E8593AF823EB52A500F872A4 /* Project object */ = {
			isa = PBXProject;
			attributes = {
				LastSwiftUpdateCheck = 1130;
				LastUpgradeCheck = 1130;
				ORGANIZATIONNAME = "Moïse AGBENYA";
				TargetAttributes = {
					E8593AFF23EB52A500F872A4 = {
						CreatedOnToolsVersion = 11.3.1;
					};
					E8593B1523EB52AA00F872A4 = {
						CreatedOnToolsVersion = 11.3.1;
						TestTargetID = E8593AFF23EB52A500F872A4;
					};
				};
			};
			buildConfigurationList = E8593AFB23EB52A500F872A4 /* Build configuration list for PBXProject "SampleSwiftUI" */;
			compatibilityVersion = "Xcode 9.3";
			developmentRegion = en;
			hasScannedForEncodings = 0;
			knownRegions = (
				en,
				Base,
			);
			mainGroup = E8593AF723EB52A500F872A4;
			productRefGroup = E8593B0123EB52A500F872A4 /* Products */;
			projectDirPath = "";
			projectRoot = "";
			targets = (
				E8593AFF23EB52A500F872A4 /* SampleSwiftUI */,
				E8593B1523EB52AA00F872A4 /* SampleSwiftUITests */,
			);
		};
/* End PBXProject section */

/* Begin PBXResourcesBuildPhase section */
		E8593AFE23EB52A500F872A4 /* Resources */ = {
			isa = PBXResourcesBuildPhase;
			buildActionMask = 2147483647;
			files = (
				E8593B1023EB52AA00F872A4 /* LaunchScreen.storyboard in Resources */,
				E8593B0D23EB52AA00F872A4 /* Preview Assets.xcassets in Resources */,
				E8593B2A23EB538A00F872A4 /* menu.json in Resources */,
				E8593B0A23EB52AA00F872A4 /* Assets.xcassets in Resources */,
			);
			runOnlyForDeploymentPostprocessing = 0;
		};
		E8593B1423EB52AA00F872A4 /* Resources */ = {
			isa = PBXResourcesBuildPhase;
			buildActionMask = 2147483647;
			files = (
			);
			runOnlyForDeploymentPostprocessing = 0;
		};
/* End PBXResourcesBuildPhase section */

/* Begin PBXSourcesBuildPhase section */
		E8593AFC23EB52A500F872A4 /* Sources */ = {
			isa = PBXSourcesBuildPhase;
			buildActionMask = 2147483647;
			files = (
				E8593B2E23EB65C000F872A4 /* ItemDetail.swift in Sources */,
				E8593B0423EB52A500F872A4 /* AppDelegate.swift in Sources */,
				E8593B3023EB6CD700F872A4 /* Order.swift in Sources */,
				E8593B0623EB52A500F872A4 /* SceneDelegate.swift in Sources */,
				E8593B0823EB52A500F872A4 /* ContentView.swift in Sources */,
				E8593B2C23EB5CB000F872A4 /* ItemRow.swift in Sources */,
				E8593B2623EB536500F872A4 /* Helper.swift in Sources */,
				E8593B2823EB537300F872A4 /* Menu.swift in Sources */,
			);
			runOnlyForDeploymentPostprocessing = 0;
		};
		E8593B1223EB52AA00F872A4 /* Sources */ = {
			isa = PBXSourcesBuildPhase;
			buildActionMask = 2147483647;
			files = (
				E8593B1B23EB52AA00F872A4 /* SampleSwiftUITests.swift in Sources */,
			);
			runOnlyForDeploymentPostprocessing = 0;
		};
/* End PBXSourcesBuildPhase section */

/* Begin PBXTargetDependency section */
		E8593B1823EB52AA00F872A4 /* PBXTargetDependency */ = {
			isa = PBXTargetDependency;
			target = E8593AFF23EB52A500F872A4 /* SampleSwiftUI */;
			targetProxy = E8593B1723EB52AA00F872A4 /* PBXContainerItemProxy */;
		};
/* End PBXTargetDependency section */

/* Begin PBXVariantGroup section */
		E8593B0E23EB52AA00F872A4 /* LaunchScreen.storyboard */ = {
			isa = PBXVariantGroup;
			children = (
				E8593B0F23EB52AA00F872A4 /* Base */,
			);
			name = LaunchScreen.storyboard;
			sourceTree = "<group>";
		};
/* End PBXVariantGroup section */

/* Begin XCBuildConfiguration section */
		E8593B1D23EB52AA00F872A4 /* Debug */ = {
			isa = XCBuildConfiguration;
			buildSettings = {
				ALWAYS_SEARCH_USER_PATHS = NO;
				CLANG_ANALYZER_NONNULL = YES;
				CLANG_ANALYZER_NUMBER_OBJECT_CONVERSION = YES_AGGRESSIVE;
				CLANG_CXX_LANGUAGE_STANDARD = "gnu++14";
				CLANG_CXX_LIBRARY = "libc++";
				CLANG_ENABLE_MODULES = YES;
				CLANG_ENABLE_OBJC_ARC = YES;
				CLANG_ENABLE_OBJC_WEAK = YES;
				CLANG_WARN_BLOCK_CAPTURE_AUTORELEASING = YES;
				CLANG_WARN_BOOL_CONVERSION = YES;
				CLANG_WARN_COMMA = YES;
				CLANG_WARN_CONSTANT_CONVERSION = YES;
				CLANG_WARN_DEPRECATED_OBJC_IMPLEMENTATIONS = YES;
				CLANG_WARN_DIRECT_OBJC_ISA_USAGE = YES_ERROR;
				CLANG_WARN_DOCUMENTATION_COMMENTS = YES;
				CLANG_WARN_EMPTY_BODY = YES;
				CLANG_WARN_ENUM_CONVERSION = YES;
				CLANG_WARN_INFINITE_RECURSION = YES;
				CLANG_WARN_INT_CONVERSION = YES;
				CLANG_WARN_NON_LITERAL_NULL_CONVERSION = YES;
				CLANG_WARN_OBJC_IMPLICIT_RETAIN_SELF = YES;
				CLANG_WARN_OBJC_LITERAL_CONVERSION = YES;
				CLANG_WARN_OBJC_ROOT_CLASS = YES_ERROR;
				CLANG_WARN_RANGE_LOOP_ANALYSIS = YES;
				CLANG_WARN_STRICT_PROTOTYPES = YES;
				CLANG_WARN_SUSPICIOUS_MOVE = YES;
				CLANG_WARN_UNGUARDED_AVAILABILITY = YES_AGGRESSIVE;
				CLANG_WARN_UNREACHABLE_CODE = YES;
				CLANG_WARN__DUPLICATE_METHOD_MATCH = YES;
				COPY_PHASE_STRIP = NO;
				DEBUG_INFORMATION_FORMAT = dwarf;
				ENABLE_STRICT_OBJC_MSGSEND = YES;
				ENABLE_TESTABILITY = YES;
				GCC_C_LANGUAGE_STANDARD = gnu11;
				GCC_DYNAMIC_NO_PIC = NO;
				GCC_NO_COMMON_BLOCKS = YES;
				GCC_OPTIMIZATION_LEVEL = 0;
				GCC_PREPROCESSOR_DEFINITIONS = (
					"DEBUG=1",
					"$(inherited)",
				);
				GCC_WARN_64_TO_32_BIT_CONVERSION = YES;
				GCC_WARN_ABOUT_RETURN_TYPE = YES_ERROR;
				GCC_WARN_UNDECLARED_SELECTOR = YES;
				GCC_WARN_UNINITIALIZED_AUTOS = YES_AGGRESSIVE;
				GCC_WARN_UNUSED_FUNCTION = YES;
				GCC_WARN_UNUSED_VARIABLE = YES;
				IPHONEOS_DEPLOYMENT_TARGET = 13.2;
				MTL_ENABLE_DEBUG_INFO = INCLUDE_SOURCE;
				MTL_FAST_MATH = YES;
				ONLY_ACTIVE_ARCH = YES;
				SDKROOT = iphoneos;
				SWIFT_ACTIVE_COMPILATION_CONDITIONS = DEBUG;
				SWIFT_OPTIMIZATION_LEVEL = "-Onone";
			};
			name = Debug;
		};
		E8593B1E23EB52AA00F872A4 /* Release */ = {
			isa = XCBuildConfiguration;
			buildSettings = {
				ALWAYS_SEARCH_USER_PATHS = NO;
				CLANG_ANALYZER_NONNULL = YES;
				CLANG_ANALYZER_NUMBER_OBJECT_CONVERSION = YES_AGGRESSIVE;
				CLANG_CXX_LANGUAGE_STANDARD = "gnu++14";
				CLANG_CXX_LIBRARY = "libc++";
				CLANG_ENABLE_MODULES = YES;
				CLANG_ENABLE_OBJC_ARC = YES;
				CLANG_ENABLE_OBJC_WEAK = YES;
				CLANG_WARN_BLOCK_CAPTURE_AUTORELEASING = YES;
				CLANG_WARN_BOOL_CONVERSION = YES;
				CLANG_WARN_COMMA = YES;
				CLANG_WARN_CONSTANT_CONVERSION = YES;
				CLANG_WARN_DEPRECATED_OBJC_IMPLEMENTATIONS = YES;
				CLANG_WARN_DIRECT_OBJC_ISA_USAGE = YES_ERROR;
				CLANG_WARN_DOCUMENTATION_COMMENTS = YES;
				CLANG_WARN_EMPTY_BODY = YES;
				CLANG_WARN_ENUM_CONVERSION = YES;
				CLANG_WARN_INFINITE_RECURSION = YES;
				CLANG_WARN_INT_CONVERSION = YES;
				CLANG_WARN_NON_LITERAL_NULL_CONVERSION = YES;
				CLANG_WARN_OBJC_IMPLICIT_RETAIN_SELF = YES;
				CLANG_WARN_OBJC_LITERAL_CONVERSION = YES;
				CLANG_WARN_OBJC_ROOT_CLASS = YES_ERROR;
				CLANG_WARN_RANGE_LOOP_ANALYSIS = YES;
				CLANG_WARN_STRICT_PROTOTYPES = YES;
				CLANG_WARN_SUSPICIOUS_MOVE = YES;
				CLANG_WARN_UNGUARDED_AVAILABILITY = YES_AGGRESSIVE;
				CLANG_WARN_UNREACHABLE_CODE = YES;
				CLANG_WARN__DUPLICATE_METHOD_MATCH = YES;
				COPY_PHASE_STRIP = NO;
				DEBUG_INFORMATION_FORMAT = "dwarf-with-dsym";
				ENABLE_NS_ASSERTIONS = NO;
				ENABLE_STRICT_OBJC_MSGSEND = YES;
				GCC_C_LANGUAGE_STANDARD = gnu11;
				GCC_NO_COMMON_BLOCKS = YES;
				GCC_WARN_64_TO_32_BIT_CONVERSION = YES;
				GCC_WARN_ABOUT_RETURN_TYPE = YES_ERROR;
				GCC_WARN_UNDECLARED_SELECTOR = YES;
				GCC_WARN_UNINITIALIZED_AUTOS = YES_AGGRESSIVE;
				GCC_WARN_UNUSED_FUNCTION = YES;
				GCC_WARN_UNUSED_VARIABLE = YES;
				IPHONEOS_DEPLOYMENT_TARGET = 13.2;
				MTL_ENABLE_DEBUG_INFO = NO;
				MTL_FAST_MATH = YES;
				SDKROOT = iphoneos;
				SWIFT_COMPILATION_MODE = wholemodule;
				SWIFT_OPTIMIZATION_LEVEL = "-O";
				VALIDATE_PRODUCT = YES;
			};
			name = Release;
		};
		E8593B2023EB52AA00F872A4 /* Debug */ = {
			isa = XCBuildConfiguration;
			buildSettings = {
				ASSETCATALOG_COMPILER_APPICON_NAME = AppIcon;
				CODE_SIGN_STYLE = Automatic;
				DEVELOPMENT_ASSET_PATHS = "\"SampleSwiftUI/Preview Content\"";
				ENABLE_PREVIEWS = YES;
				INFOPLIST_FILE = SampleSwiftUI/Info.plist;
				LD_RUNPATH_SEARCH_PATHS = (
					"$(inherited)",
					"@executable_path/Frameworks",
				);
				PRODUCT_BUNDLE_IDENTIFIER = fr.agbenya.SampleSwiftUI;
				PRODUCT_NAME = "$(TARGET_NAME)";
				SWIFT_VERSION = 5.0;
				TARGETED_DEVICE_FAMILY = "1,2";
			};
			name = Debug;
		};
		E8593B2123EB52AA00F872A4 /* Release */ = {
			isa = XCBuildConfiguration;
			buildSettings = {
				ASSETCATALOG_COMPILER_APPICON_NAME = AppIcon;
				CODE_SIGN_STYLE = Automatic;
				DEVELOPMENT_ASSET_PATHS = "\"SampleSwiftUI/Preview Content\"";
				ENABLE_PREVIEWS = YES;
				INFOPLIST_FILE = SampleSwiftUI/Info.plist;
				LD_RUNPATH_SEARCH_PATHS = (
					"$(inherited)",
					"@executable_path/Frameworks",
				);
				PRODUCT_BUNDLE_IDENTIFIER = fr.agbenya.SampleSwiftUI;
				PRODUCT_NAME = "$(TARGET_NAME)";
				SWIFT_VERSION = 5.0;
				TARGETED_DEVICE_FAMILY = "1,2";
			};
			name = Release;
		};
		E8593B2323EB52AA00F872A4 /* Debug */ = {
			isa = XCBuildConfiguration;
			buildSettings = {
				ALWAYS_EMBED_SWIFT_STANDARD_LIBRARIES = YES;
				BUNDLE_LOADER = "$(TEST_HOST)";
				CODE_SIGN_STYLE = Automatic;
				INFOPLIST_FILE = SampleSwiftUITests/Info.plist;
				IPHONEOS_DEPLOYMENT_TARGET = 13.2;
				LD_RUNPATH_SEARCH_PATHS = (
					"$(inherited)",
					"@executable_path/Frameworks",
					"@loader_path/Frameworks",
				);
				PRODUCT_BUNDLE_IDENTIFIER = fr.agbenya.SampleSwiftUITests;
				PRODUCT_NAME = "$(TARGET_NAME)";
				SWIFT_VERSION = 5.0;
				TARGETED_DEVICE_FAMILY = "1,2";
				TEST_HOST = "$(BUILT_PRODUCTS_DIR)/SampleSwiftUI.app/SampleSwiftUI";
			};
			name = Debug;
		};
		E8593B2423EB52AA00F872A4 /* Release */ = {
			isa = XCBuildConfiguration;
			buildSettings = {
				ALWAYS_EMBED_SWIFT_STANDARD_LIBRARIES = YES;
				BUNDLE_LOADER = "$(TEST_HOST)";
				CODE_SIGN_STYLE = Automatic;
				INFOPLIST_FILE = SampleSwiftUITests/Info.plist;
				IPHONEOS_DEPLOYMENT_TARGET = 13.2;
				LD_RUNPATH_SEARCH_PATHS = (
					"$(inherited)",
					"@executable_path/Frameworks",
					"@loader_path/Frameworks",
				);
				PRODUCT_BUNDLE_IDENTIFIER = fr.agbenya.SampleSwiftUITests;
				PRODUCT_NAME = "$(TARGET_NAME)";
				SWIFT_VERSION = 5.0;
				TARGETED_DEVICE_FAMILY = "1,2";
				TEST_HOST = "$(BUILT_PRODUCTS_DIR)/SampleSwiftUI.app/SampleSwiftUI";
			};
			name = Release;
		};
/* End XCBuildConfiguration section */

/* Begin XCConfigurationList section */
		E8593AFB23EB52A500F872A4 /* Build configuration list for PBXProject "SampleSwiftUI" */ = {
			isa = XCConfigurationList;
			buildConfigurations = (
				E8593B1D23EB52AA00F872A4 /* Debug */,
				E8593B1E23EB52AA00F872A4 /* Release */,
			);
			defaultConfigurationIsVisible = 0;
			defaultConfigurationName = Release;
		};
		E8593B1F23EB52AA00F872A4 /* Build configuration list for PBXNativeTarget "SampleSwiftUI" */ = {
			isa = XCConfigurationList;
			buildConfigurations = (
				E8593B2023EB52AA00F872A4 /* Debug */,
				E8593B2123EB52AA00F872A4 /* Release */,
			);
			defaultConfigurationIsVisible = 0;
			defaultConfigurationName = Release;
		};
		E8593B2223EB52AA00F872A4 /* Build configuration list for PBXNativeTarget "SampleSwiftUITests" */ = {
			isa = XCConfigurationList;
			buildConfigurations = (
				E8593B2323EB52AA00F872A4 /* Debug */,
				E8593B2423EB52AA00F872A4 /* Release */,
			);
			defaultConfigurationIsVisible = 0;
			defaultConfigurationName = Release;
		};
/* End XCConfigurationList section */
	};
	rootObject = E8593AF823EB52A500F872A4 /* Project object */;
}
